<?xml version="1.0" encoding="utf-8"?>
<Project ToolsVersion="4.0" xmlns="http://schemas.microsoft.com/developer/msbuild/2003">
  <ItemGroup>
    <Filter Include="Source Files">
      <UniqueIdentifier>{4FC737F1-C7A5-4376-A066-2A32D752A2FF}</UniqueIdentifier>
      <Extensions>cpp;c;cc;cxx;c++;cppm;ixx;def;odl;idl;hpj;bat;asm;asmx</Extensions>
    </Filter>
    <Filter Include="Header Files">
      <UniqueIdentifier>{93995380-89BD-4b04-88EB-625FBE52EBFB}</UniqueIdentifier>
      <Extensions>h;hh;hpp;hxx;h++;hm;inl;inc;ipp;xsd</Extensions>
    </Filter>
    <Filter Include="Resource Files">
      <UniqueIdentifier>{67DA6AB6-F800-4c08-8B7A-83BB121AAD01}</UniqueIdentifier>
      <Extensions>rc;ico;cur;bmp;dlg;rc2;rct;bin;rgs;gif;jpg;jpeg;jpe;resx;tiff;tif;png;wav;mfcribbon-ms</Extensions>
    </Filter>
  </ItemGroup>
  <ItemGroup>
    <ClCompile Include="arbrook\Arbrook.cpp">
      <Filter>Source Files</Filter>
    </ClCompile>
    <ClCompile Include="arbrook\ecs\registry.cpp">
      <Filter>Source Files</Filter>
    </ClCompile>
    <ClCompile Include="arbrook\engine\program.cpp">
      <Filter>Source Files</Filter>
    </ClCompile>
    <ClCompile Include="arbrook\types\type_util.cpp">
      <Filter>Source Files</Filter>
    </ClCompile>
    <ClCompile Include="arbrook\common\hash.cpp">
      <Filter>Source Files</Filter>
    </ClCompile>
    <ClCompile Include="arbrook\logging\logging.cpp">
      <Filter>Source Files</Filter>
    </ClCompile>
    <ClCompile Include="arbrook\engine\services\service.cpp">
      <Filter>Source Files</Filter>
    </ClCompile>
    <ClCompile Include="arbrook\logging\loggingservice.cpp">
      <Filter>Source Files</Filter>
    </ClCompile>
    <ClCompile Include="arbrook\scheduler\scheduler.cpp">
      <Filter>Source Files</Filter>
    </ClCompile>
    <ClCompile Include="arbrook\modules\testmodule.cpp">
      <Filter>Source Files</Filter>
    </ClCompile>
    <ClCompile Include="arbrook\events\eventbus.cpp">
      <Filter>Source Files</Filter>
    </ClCompile>
    <ClCompile Include="arbrook\modules\windowmodule.cpp">
      <Filter>Source Files</Filter>
    </ClCompile>
    <ClCompile Include="arbrook\systems\system.cpp">
      <Filter>Source Files</Filter>
    </ClCompile>
    <ClCompile Include="arbrook\modules\module.cpp">
      <Filter>Source Files</Filter>
    </ClCompile>
    <ClCompile Include="external_include\rsl\src\rythe\delete_me.cpp">
      <Filter>Source Files</Filter>
    </ClCompile>
  </ItemGroup>
  <ItemGroup>
    <ClInclude Include="arbrook\ecs\data\entity_data.hpp">
      <Filter>Header Files</Filter>
    </ClInclude>
    <ClInclude Include="arbrook\ecs\handles\entity.hpp">
      <Filter>Header Files</Filter>
    </ClInclude>
    <ClInclude Include="arbrook\types\primitives.hpp">
      <Filter>Header Files</Filter>
    </ClInclude>
    <ClInclude Include="arbrook\platform\platform.hpp">
      <Filter>Header Files</Filter>
    </ClInclude>
    <ClInclude Include="arbrook\ecs\registry.hpp">
      <Filter>Header Files</Filter>
    </ClInclude>
    <ClInclude Include="arbrook\engine\program.hpp">
      <Filter>Header Files</Filter>
    </ClInclude>
    <ClInclude Include="arbrook\engine\services\serviceregistry.hpp">
      <Filter>Header Files</Filter>
    </ClInclude>
    <ClInclude Include="arbrook\types\type_util.hpp">
      <Filter>Header Files</Filter>
    </ClInclude>
    <ClInclude Include="arbrook\common\string_extra.hpp">
      <Filter>Header Files</Filter>
    </ClInclude>
    <ClInclude Include="arbrook\types\meta.hpp">
      <Filter>Header Files</Filter>
    </ClInclude>
    <ClInclude Include="arbrook\common\hash.hpp">
      <Filter>Header Files</Filter>
    </ClInclude>
    <ClInclude Include="arbrook\common\string_literal.hpp">
      <Filter>Header Files</Filter>
    </ClInclude>
    <ClInclude Include="arbrook\types\types.hpp">
      <Filter>Header Files</Filter>
    </ClInclude>
    <ClInclude Include="arbrook\containers\pointer.hpp">
      <Filter>Header Files</Filter>
    </ClInclude>
    <ClInclude Include="arbrook\logging\logging.hpp">
      <Filter>Header Files</Filter>
    </ClInclude>
    <ClInclude Include="arbrook\math\math.hpp">
      <Filter>Header Files</Filter>
    </ClInclude>
    <ClInclude Include="arbrook\logging\loggingservice.hpp">
      <Filter>Header Files</Filter>
    </ClInclude>
    <ClInclude Include="arbrook\engine\services\service.hpp">
      <Filter>Header Files</Filter>
    </ClInclude>
    <ClInclude Include="arbrook\scheduler\scheduler.hpp">
      <Filter>Header Files</Filter>
    </ClInclude>
    <ClInclude Include="arbrook\modules\module.hpp">
      <Filter>Header Files</Filter>
    </ClInclude>
    <ClInclude Include="arbrook\modules\testmodule.hpp">
      <Filter>Header Files</Filter>
    </ClInclude>
    <ClInclude Include="arbrook\events\eventbus.hpp">
      <Filter>Header Files</Filter>
    </ClInclude>
    <ClInclude Include="arbrook\events\event.hpp">
      <Filter>Header Files</Filter>
    </ClInclude>
    <ClInclude Include="arbrook\events\defaults\exit_event.hpp">
      <Filter>Header Files</Filter>
    </ClInclude>
    <ClInclude Include="arbrook\modules\windowmodule.hpp">
      <Filter>Header Files</Filter>
    </ClInclude>
    <ClInclude Include="arbrook\systems\system.hpp">
      <Filter>Header Files</Filter>
    </ClInclude>
    <ClInclude Include="arbrook\systems\testsystem.hpp">
      <Filter>Header Files</Filter>
    </ClInclude>
    <ClInclude Include="external_include\rsl\src\rythe\impl\concepts.hpp">
      <Filter>Header Files</Filter>
    </ClInclude>
    <ClInclude Include="external_include\rsl\src\rythe\impl\delegate.hpp">
      <Filter>Header Files</Filter>
    </ClInclude>
    <ClInclude Include="external_include\rsl\src\rythe\impl\delegate_base.hpp">
      <Filter>Header Files</Filter>
    </ClInclude>
    <ClInclude Include="external_include\rsl\src\rythe\impl\hash.hpp">
      <Filter>Header Files</Filter>
    </ClInclude>
    <ClInclude Include="external_include\rsl\src\rythe\impl\multicast_delegate.hpp">
      <Filter>Header Files</Filter>
    </ClInclude>
    <ClInclude Include="external_include\rsl\src\rythe\impl\primitives.hpp">
      <Filter>Header Files</Filter>
    </ClInclude>
    <ClInclude Include="external_include\rsl\src\rythe\impl\type_util.hpp">
      <Filter>Header Files</Filter>
    </ClInclude>
    <ClInclude Include="external_include\rsl\src\rythe\impl\utilities.hpp">
      <Filter>Header Files</Filter>
    </ClInclude>
  </ItemGroup>
  <ItemGroup>
    <None Include="arbrook\engine\services\serviceregistry.inl">
      <Filter>Header Files</Filter>
    </None>
    <None Include="arbrook\common\hash.inl">
      <Filter>Header Files</Filter>
    </None>
    <None Include="arbrook\scheduler\scheduler.inl">
      <Filter>Header Files</Filter>
    </None>
    <None Include="arbrook\events\eventbus.inl">
      <Filter>Header Files</Filter>
    </None>
    <None Include="arbrook\systems\system.inl">
      <Filter>Header Files</Filter>
    </None>
    <None Include="arbrook\modules\module.inl">
      <Filter>Header Files</Filter>
    </None>
    <None Include="external_include\rsl\src\rythe\concepts" />
    <None Include="external_include\rsl\src\rythe\delegate" />
    <None Include="external_include\rsl\src\rythe\hash" />
    <None Include="external_include\rsl\src\rythe\primitives" />
    <None Include="external_include\rsl\src\rythe\type_util" />
    <None Include="external_include\rsl\src\rythe\utilities" />
  </ItemGroup>
</Project>