<?xml version="1.0" encoding="utf-8"?>
<Project ToolsVersion="4.0" xmlns="http://schemas.microsoft.com/developer/msbuild/2003">
  <ItemGroup>
    <Filter Include="Source Files">
      <UniqueIdentifier>{4FC737F1-C7A5-4376-A066-2A32D752A2FF}</UniqueIdentifier>
      <Extensions>cpp;c;cc;cxx;c++;cppm;ixx;def;odl;idl;hpj;bat;asm;asmx</Extensions>
    </Filter>
    <Filter Include="Header Files">
      <UniqueIdentifier>{93995380-89BD-4b04-88EB-625FBE52EBFB}</UniqueIdentifier>
      <Extensions>h;hh;hpp;hxx;h++;hm;inl;inc;ipp;xsd</Extensions>
    </Filter>
    <Filter Include="Resource Files">
      <UniqueIdentifier>{67DA6AB6-F800-4c08-8B7A-83BB121AAD01}</UniqueIdentifier>
      <Extensions>rc;ico;cur;bmp;dlg;rc2;rct;bin;rgs;gif;jpg;jpeg;jpe;resx;tiff;tif;png;wav;mfcribbon-ms</Extensions>
    </Filter>
  </ItemGroup>
  <ItemGroup>
    <ClCompile Include="arbrook\Arbrook.cpp">
      <Filter>Source Files</Filter>
    </ClCompile>
    <ClCompile Include="arbrook\core\ecs\registry.cpp">
      <Filter>Source Files</Filter>
    </ClCompile>
    <ClCompile Include="arbrook\core\engine\program.cpp">
      <Filter>Source Files</Filter>
    </ClCompile>
    <ClCompile Include="arbrook\core\logging\logging.cpp">
      <Filter>Source Files</Filter>
    </ClCompile>
    <ClCompile Include="arbrook\core\engine\services\service.cpp">
      <Filter>Source Files</Filter>
    </ClCompile>
    <ClCompile Include="arbrook\core\logging\loggingservice.cpp">
      <Filter>Source Files</Filter>
    </ClCompile>
    <ClCompile Include="arbrook\core\scheduler\scheduler.cpp">
      <Filter>Source Files</Filter>
    </ClCompile>
    <ClCompile Include="arbrook\sandbox\modules\testmodule.cpp">
      <Filter>Source Files</Filter>
    </ClCompile>
    <ClCompile Include="arbrook\core\events\eventbus.cpp">
      <Filter>Source Files</Filter>
    </ClCompile>
    <ClCompile Include="arbrook\rendering\modules\rendermodule.cpp">
      <Filter>Source Files</Filter>
    </ClCompile>
    <ClCompile Include="arbrook\core\modules\module.cpp">
      <Filter>Source Files</Filter>
    </ClCompile>
    <ClCompile Include="external_include\rsl\src\rythe\delete_me.cpp">
      <Filter>Source Files</Filter>
    </ClCompile>
    <ClCompile Include="arbrook\sandbox\systems\testsystem.cpp">
      <Filter>Source Files</Filter>
    </ClCompile>
    <ClCompile Include="arbrook\rendering\systems\rendersystem.cpp">
      <Filter>Source Files</Filter>
    </ClCompile>
    <ClCompile Include="arbrook\rendering\data\shadercache.cpp">
      <Filter>Source Files</Filter>
    </ClCompile>
    <ClCompile Include="arbrook\rendering\data\texturecache.cpp">
      <Filter>Source Files</Filter>
    </ClCompile>
    <ClCompile Include="arbrook\rendering\data\buffercache.cpp">
      <Filter>Source Files</Filter>
    </ClCompile>
  </ItemGroup>
  <ItemGroup>
    <ClInclude Include="arbrook\core\ecs\entity.hpp">
      <Filter>Header Files</Filter>
    </ClInclude>
    <ClInclude Include="arbrook\core\platform\platform.hpp">
      <Filter>Header Files</Filter>
    </ClInclude>
    <ClInclude Include="arbrook\core\ecs\registry.hpp">
      <Filter>Header Files</Filter>
    </ClInclude>
    <ClInclude Include="arbrook\core\engine\program.hpp">
      <Filter>Header Files</Filter>
    </ClInclude>
    <ClInclude Include="arbrook\core\engine\services\serviceregistry.hpp">
      <Filter>Header Files</Filter>
    </ClInclude>
    <ClInclude Include="arbrook\core\common\string_extra.hpp">
      <Filter>Header Files</Filter>
    </ClInclude>
    <ClInclude Include="arbrook\core\types\meta.hpp">
      <Filter>Header Files</Filter>
    </ClInclude>
    <ClInclude Include="arbrook\core\common\string_literal.hpp">
      <Filter>Header Files</Filter>
    </ClInclude>
    <ClInclude Include="arbrook\core\containers\pointer.hpp">
      <Filter>Header Files</Filter>
    </ClInclude>
    <ClInclude Include="arbrook\core\logging\logging.hpp">
      <Filter>Header Files</Filter>
    </ClInclude>
    <ClInclude Include="arbrook\core\math\math.hpp">
      <Filter>Header Files</Filter>
    </ClInclude>
    <ClInclude Include="arbrook\core\logging\loggingservice.hpp">
      <Filter>Header Files</Filter>
    </ClInclude>
    <ClInclude Include="arbrook\core\engine\services\service.hpp">
      <Filter>Header Files</Filter>
    </ClInclude>
    <ClInclude Include="arbrook\core\scheduler\scheduler.hpp">
      <Filter>Header Files</Filter>
    </ClInclude>
    <ClInclude Include="arbrook\core\modules\module.hpp">
      <Filter>Header Files</Filter>
    </ClInclude>
    <ClInclude Include="arbrook\sandbox\modules\testmodule.hpp">
      <Filter>Header Files</Filter>
    </ClInclude>
    <ClInclude Include="arbrook\core\events\eventbus.hpp">
      <Filter>Header Files</Filter>
    </ClInclude>
    <ClInclude Include="arbrook\core\events\event.hpp">
      <Filter>Header Files</Filter>
    </ClInclude>
    <ClInclude Include="arbrook\core\events\defaults\exit_event.hpp">
      <Filter>Header Files</Filter>
    </ClInclude>
    <ClInclude Include="arbrook\rendering\modules\rendermodule.hpp">
      <Filter>Header Files</Filter>
    </ClInclude>
    <ClInclude Include="arbrook\core\systems\system.hpp">
      <Filter>Header Files</Filter>
    </ClInclude>
    <ClInclude Include="arbrook\sandbox\systems\testsystem.hpp">
      <Filter>Header Files</Filter>
    </ClInclude>
    <ClInclude Include="external_include\rsl\src\rythe\impl\concepts.hpp">
      <Filter>Header Files</Filter>
    </ClInclude>
    <ClInclude Include="external_include\rsl\src\rythe\impl\delegate.hpp">
      <Filter>Header Files</Filter>
    </ClInclude>
    <ClInclude Include="external_include\rsl\src\rythe\impl\delegate_base.hpp">
      <Filter>Header Files</Filter>
    </ClInclude>
    <ClInclude Include="external_include\rsl\src\rythe\impl\hash.hpp">
      <Filter>Header Files</Filter>
    </ClInclude>
    <ClInclude Include="external_include\rsl\src\rythe\impl\multicast_delegate.hpp">
      <Filter>Header Files</Filter>
    </ClInclude>
    <ClInclude Include="external_include\rsl\src\rythe\impl\primitives.hpp">
      <Filter>Header Files</Filter>
    </ClInclude>
    <ClInclude Include="external_include\rsl\src\rythe\impl\type_util.hpp">
      <Filter>Header Files</Filter>
    </ClInclude>
    <ClInclude Include="external_include\rsl\src\rythe\impl\utilities.hpp">
      <Filter>Header Files</Filter>
    </ClInclude>
    <ClInclude Include="arbrook\core\ecs\component_base.hpp">
      <Filter>Header Files</Filter>
    </ClInclude>
    <ClInclude Include="arbrook\core\ecs\component_family_base.hpp">
      <Filter>Header Files</Filter>
    </ClInclude>
    <ClInclude Include="arbrook\core\ecs\component_family.hpp">
      <Filter>Header Files</Filter>
    </ClInclude>
    <ClInclude Include="arbrook\core\ecs\component_container.hpp">
      <Filter>Header Files</Filter>
    </ClInclude>
    <ClInclude Include="arbrook\core\ecs\filter.hpp">
      <Filter>Header Files</Filter>
    </ClInclude>
    <ClInclude Include="arbrook\core\events\defaults\component_event.hpp">
      <Filter>Header Files</Filter>
    </ClInclude>
    <ClInclude Include="arbrook\rendering\systems\rendersystem.hpp">
      <Filter>Header Files</Filter>
    </ClInclude>
    <ClInclude Include="arbrook\core\core.hpp">
      <Filter>Header Files</Filter>
    </ClInclude>
    <ClInclude Include="arbrook\core\ecs\ecs.hpp">
      <Filter>Header Files</Filter>
    </ClInclude>
    <ClInclude Include="arbrook\core\events\events.hpp">
      <Filter>Header Files</Filter>
    </ClInclude>
    <ClInclude Include="arbrook\rendering\pipeline\pipeline_base.hpp">
      <Filter>Header Files</Filter>
    </ClInclude>
    <ClInclude Include="arbrook\rendering\data\OpenGL\buffer.hpp">
      <Filter>Header Files</Filter>
    </ClInclude>
    <ClInclude Include="arbrook\rendering\components\spriterenderer.hpp">
      <Filter>Header Files</Filter>
    </ClInclude>
    <ClInclude Include="arbrook\rendering\rendering.hpp">
      <Filter>Header Files</Filter>
    </ClInclude>
    <ClInclude Include="arbrook\rendering\data\interface\irenderinterface.hpp">
      <Filter>Header Files</Filter>
    </ClInclude>
    <ClInclude Include="arbrook\rendering\data\OpenGL\renderinterface.hpp">
      <Filter>Header Files</Filter>
    </ClInclude>
    <ClInclude Include="arbrook\rendering\data\config.hpp">
      <Filter>Header Files</Filter>
    </ClInclude>
    <ClInclude Include="arbrook\rendering\data\definitions.hpp">
      <Filter>Header Files</Filter>
    </ClInclude>
    <ClInclude Include="arbrook\rendering\data\OpenGL\shader.hpp">
      <Filter>Header Files</Filter>
    </ClInclude>
    <ClInclude Include="arbrook\rendering\data\shadercache.hpp">
      <Filter>Header Files</Filter>
    </ClInclude>
    <ClInclude Include="arbrook\rendering\data\shadersource.hpp">
      <Filter>Header Files</Filter>
    </ClInclude>
    <ClInclude Include="arbrook\rendering\data\texturecache.hpp">
      <Filter>Header Files</Filter>
    </ClInclude>
    <ClInclude Include="arbrook\rendering\data\DirectX\renderinterface.hpp">
      <Filter>Header Files</Filter>
    </ClInclude>
    <ClInclude Include="arbrook\rendering\data\texturehandle.hpp">
      <Filter>Header Files</Filter>
    </ClInclude>
    <ClInclude Include="arbrook\rendering\data\shaderhandle.hpp">
      <Filter>Header Files</Filter>
    </ClInclude>
    <ClInclude Include="arbrook\rendering\data\interface\window.hpp">
      <Filter>Header Files</Filter>
    </ClInclude>
    <ClInclude Include="arbrook\rendering\data\interface\ishader.hpp">
      <Filter>Header Files</Filter>
    </ClInclude>
    <ClInclude Include="arbrook\rendering\data\textureparameters.hpp">
      <Filter>Header Files</Filter>
    </ClInclude>
    <ClInclude Include="arbrook\rendering\data\interface\ibuffer.hpp">
      <Filter>Header Files</Filter>
    </ClInclude>
    <ClInclude Include="arbrook\rendering\data\bufferconcepts.hpp">
      <Filter>Header Files</Filter>
    </ClInclude>
    <ClInclude Include="arbrook\rendering\data\DirectX\shader.hpp">
      <Filter>Header Files</Filter>
    </ClInclude>
    <ClInclude Include="arbrook\rendering\data\DirectX\buffer.hpp">
      <Filter>Header Files</Filter>
    </ClInclude>
    <ClInclude Include="arbrook\rendering\data\OpenGL\window.hpp">
      <Filter>Header Files</Filter>
    </ClInclude>
    <ClInclude Include="arbrook\rendering\data\DirectX\window.hpp">
      <Filter>Header Files</Filter>
    </ClInclude>
    <ClInclude Include="arbrook\rendering\data\interface\enumtypes.hpp">
      <Filter>Header Files</Filter>
    </ClInclude>
    <ClInclude Include="arbrook\rendering\data\OpenGL\enumtypes.hpp">
      <Filter>Header Files</Filter>
    </ClInclude>
    <ClInclude Include="arbrook\rendering\data\DirectX\enumtypes.hpp">
      <Filter>Header Files</Filter>
    </ClInclude>
    <ClInclude Include="arbrook\rendering\data\buffercache.hpp">
      <Filter>Header Files</Filter>
    </ClInclude>
    <ClInclude Include="arbrook\rendering\data\bufferhandle.hpp">
      <Filter>Header Files</Filter>
    </ClInclude>
    <ClInclude Include="arbrook\rendering\data\vertex.hpp">
      <Filter>Header Files</Filter>
    </ClInclude>
    <ClInclude Include="arbrook\rendering\data\vertexattribute.hpp">
      <Filter>Header Files</Filter>
    </ClInclude>
    <ClInclude Include="arbrook\rendering\data\interface\iinputlayout.hpp">
      <Filter>Header Files</Filter>
    </ClInclude>
    <ClInclude Include="arbrook\rendering\data\OpenGL\inputlayout.hpp">
      <Filter>Header Files</Filter>
    </ClInclude>
    <ClInclude Include="arbrook\rendering\data\DirectX\inputlayout.hpp">
      <Filter>Header Files</Filter>
    </ClInclude>
    <ClInclude Include="arbrook\rendering\data\DirectX\dx11includes.hpp">
      <Filter>Header Files</Filter>
    </ClInclude>
    <ClInclude Include="arbrook\rendering\data\interface\itexture.hpp">
      <Filter>Header Files</Filter>
    </ClInclude>
    <ClInclude Include="arbrook\rendering\data\OpenGL\texture.hpp">
      <Filter>Header Files</Filter>
    </ClInclude>
    <ClInclude Include="arbrook\rendering\data\DirectX\texture.hpp">
      <Filter>Header Files</Filter>
    </ClInclude>
    <ClInclude Include="arbrook\core\events\defaults\windowevents.hpp">
      <Filter>Header Files</Filter>
    </ClInclude>
  </ItemGroup>
  <ItemGroup>
    <None Include="arbrook\core\engine\services\serviceregistry.inl">
      <Filter>Header Files</Filter>
    </None>
    <None Include="arbrook\core\scheduler\scheduler.inl">
      <Filter>Header Files</Filter>
    </None>
    <None Include="arbrook\core\events\eventbus.inl">
      <Filter>Header Files</Filter>
    </None>
    <None Include="arbrook\core\systems\system.inl">
      <Filter>Header Files</Filter>
    </None>
    <None Include="arbrook\core\modules\module.inl">
      <Filter>Header Files</Filter>
    </None>
    <None Include="external_include\rsl\src\rythe\concepts" />
    <None Include="external_include\rsl\src\rythe\delegate" />
    <None Include="external_include\rsl\src\rythe\hash" />
    <None Include="external_include\rsl\src\rythe\primitives" />
    <None Include="external_include\rsl\src\rythe\type_util" />
    <None Include="external_include\rsl\src\rythe\utilities" />
    <None Include="arbrook\core\ecs\registry.inl">
      <Filter>Header Files</Filter>
    </None>
    <None Include="arbrook\core\ecs\entity.inl">
      <Filter>Header Files</Filter>
    </None>
    <None Include="arbrook\core\ecs\component_family.inl">
      <Filter>Header Files</Filter>
    </None>
    <None Include="arbrook\core\ecs\filter.inl">
      <Filter>Header Files</Filter>
    </None>
    <None Include="resources\shaders\default.shader" />
    <None Include="resources\shaders\color.shader" />
  </ItemGroup>
</Project>